{"version":4,"terraform_version":"1.11.5","serial":1,"lineage":"1d12fc0b-ddbd-66f0-b693-797d50292b77","outputs":{},"resources":[{"mode":"managed","type":"kubernetes_deployment_v1","name":"this","provider":"provider[\"registry.opentofu.org/hashicorp/kubernetes\"]","instances":[{"schema_version":1,"attributes":{"id":"receipt-manager/receipt-manager","metadata":[{"annotations":null,"generate_name":"","generation":1,"labels":{"app.kubernetes.io/name":"receipt-manager"},"name":"receipt-manager","namespace":"receipt-manager","resource_version":"7355831","uid":"eb1c47c7-e6fb-4be0-8649-33b29fd00c8b"}],"spec":[{"min_ready_seconds":0,"paused":false,"progress_deadline_seconds":600,"replicas":"1","revision_history_limit":10,"selector":[{"match_expressions":[],"match_labels":{"app.kubernetes.io/name":"receipt-manager"}}],"strategy":[{"rolling_update":[{"max_surge":"25%","max_unavailable":"25%"}],"type":"RollingUpdate"}],"template":[{"metadata":[{"annotations":null,"generate_name":"","generation":0,"labels":{"app.kubernetes.io/name":"receipt-manager"},"name":"","namespace":"","resource_version":"","uid":""}],"spec":[{"active_deadline_seconds":0,"affinity":[],"automount_service_account_token":true,"container":[{"args":null,"command":null,"env":[],"env_from":[],"image":"ghcr.io/danielfeather/receipt-manager:main","image_pull_policy":"Always","lifecycle":[],"liveness_probe":[{"exec":[],"failure_threshold":3,"grpc":[],"http_get":[{"host":"","http_header":[],"path":"/","port":"http","scheme":"HTTP"}],"initial_delay_seconds":0,"period_seconds":10,"success_threshold":1,"tcp_socket":[],"timeout_seconds":1}],"name":"receipt-manager","port":[{"container_port":3000,"host_ip":"","host_port":0,"name":"http","protocol":"TCP"}],"readiness_probe":[{"exec":[],"failure_threshold":3,"grpc":[],"http_get":[{"host":"","http_header":[],"path":"/","port":"http","scheme":"HTTP"}],"initial_delay_seconds":0,"period_seconds":10,"success_threshold":1,"tcp_socket":[],"timeout_seconds":1}],"resources":[{"limits":{},"requests":{}}],"restart_policy":"","security_context":[],"startup_probe":[],"stdin":false,"stdin_once":false,"termination_message_path":"/dev/termination-log","termination_message_policy":"File","tty":false,"volume_device":[],"volume_mount":[],"working_dir":""}],"dns_config":[],"dns_policy":"ClusterFirst","enable_service_links":true,"host_aliases":[],"host_ipc":false,"host_network":false,"host_pid":false,"hostname":"","image_pull_secrets":[],"init_container":[],"node_name":"","node_selector":null,"os":[],"priority_class_name":"","readiness_gate":[],"restart_policy":"Always","runtime_class_name":"","scheduler_name":"default-scheduler","security_context":[{"fs_group":"","fs_group_change_policy":"","run_as_group":"1000","run_as_non_root":true,"run_as_user":"1000","se_linux_options":[],"seccomp_profile":[],"supplemental_groups":null,"sysctl":[],"windows_options":[]}],"service_account_name":"","share_process_namespace":false,"subdomain":"","termination_grace_period_seconds":30,"toleration":[],"topology_spread_constraint":[],"volume":[]}]}]}],"timeouts":null,"wait_for_rollout":true},"sensitive_attributes":[],"private":"eyJlMmJmYjczMC1lY2FhLTExZTYtOGY4OC0zNDM2M2JjN2M0YzAiOnsiY3JlYXRlIjo2MDAwMDAwMDAwMDAsImRlbGV0ZSI6NjAwMDAwMDAwMDAwLCJ1cGRhdGUiOjYwMDAwMDAwMDAwMH0sInNjaGVtYV92ZXJzaW9uIjoiMSJ9"}]},{"mode":"managed","type":"kubernetes_ingress_v1","name":"this","provider":"provider[\"registry.opentofu.org/hashicorp/kubernetes\"]","instances":[{"schema_version":0,"attributes":{"id":"receipt-manager/receipt-manager","metadata":[{"annotations":{"traefik.ingress.kubernetes.io/router.entrypoints":"websecure","traefik.ingress.kubernetes.io/router.middlewares":"receipt-manager-traefik-forward-auth@kubernetescrd"},"generate_name":"","generation":1,"labels":null,"name":"receipt-manager","namespace":"receipt-manager","resource_version":"7355822","uid":"86f8970c-e2fd-4c18-a033-567d314e6520"}],"spec":[{"default_backend":[],"ingress_class_name":"traefik","rule":[{"host":"receipts.lancastrian.dev","http":[{"path":[{"backend":[{"resource":[],"service":[{"name":"receipt-manager","port":[{"name":"","number":3000}]}]}],"path":"/","path_type":"Prefix"}]}]}],"tls":[{"hosts":["receipts.lancastrian.dev"],"secret_name":""}]}],"status":[{"load_balancer":[{"ingress":[{"hostname":"","ip":"157.180.79.181"}]}]}],"timeouts":null,"wait_for_load_balancer":null},"sensitive_attributes":[],"private":"eyJlMmJmYjczMC1lY2FhLTExZTYtOGY4OC0zNDM2M2JjN2M0YzAiOnsiY3JlYXRlIjoxMjAwMDAwMDAwMDAwLCJkZWxldGUiOjEyMDAwMDAwMDAwMDB9fQ==","dependencies":["kubernetes_manifest.middleware"]}]},{"mode":"managed","type":"kubernetes_manifest","name":"middleware","provider":"provider[\"registry.opentofu.org/hashicorp/kubernetes\"]","instances":[{"schema_version":1,"attributes":{"computed_fields":null,"field_manager":[],"manifest":{"value":{"apiVersion":"traefik.io/v1alpha1","kind":"Middleware","metadata":{"name":"traefik-forward-auth","namespace":"receipt-manager"},"spec":{"forwardAuth":{"address":"http://traefik-forward-auth.traefik-forward-auth.svc.cluster.local:4181/auth/portals/main","authResponseHeaders":["X-Forwarded-User","X-Forwarded-Displayname","X-Authenticated-User"],"trustForwardHeader":true}}},"type":["object",{"apiVersion":"string","kind":"string","metadata":["object",{"name":"string","namespace":"string"}],"spec":["object",{"forwardAuth":["object",{"address":"string","authResponseHeaders":["tuple",["string","string","string"]],"trustForwardHeader":"bool"}]}]}]},"object":{"value":{"apiVersion":"traefik.io/v1alpha1","kind":"Middleware","metadata":{"annotations":null,"creationTimestamp":null,"deletionGracePeriodSeconds":null,"deletionTimestamp":null,"finalizers":null,"generateName":null,"generation":null,"labels":null,"managedFields":null,"name":"traefik-forward-auth","namespace":"receipt-manager","ownerReferences":null,"resourceVersion":null,"selfLink":null,"uid":null},"spec":{"addPrefix":{"prefix":null},"basicAuth":{"headerField":null,"realm":null,"removeHeader":null,"secret":null},"buffering":{"maxRequestBodyBytes":null,"maxResponseBodyBytes":null,"memRequestBodyBytes":null,"memResponseBodyBytes":null,"retryExpression":null},"chain":{"middlewares":null},"circuitBreaker":{"checkPeriod":null,"expression":null,"fallbackDuration":null,"recoveryDuration":null,"responseCode":null},"compress":{"defaultEncoding":null,"encodings":null,"excludedContentTypes":null,"includedContentTypes":null,"minResponseBodyBytes":null},"contentType":{"autoDetect":null},"digestAuth":{"headerField":null,"realm":null,"removeHeader":null,"secret":null},"errors":{"query":null,"service":{"healthCheck":{"followRedirects":null,"headers":null,"hostname":null,"interval":null,"method":null,"mode":null,"path":null,"port":null,"scheme":null,"status":null,"timeout":null,"unhealthyInterval":null},"kind":null,"name":null,"namespace":null,"nativeLB":null,"nodePortLB":null,"passHostHeader":null,"passiveHealthCheck":{"failureWindow":null,"maxFailedAttempts":null},"port":null,"responseForwarding":{"flushInterval":null},"scheme":null,"serversTransport":null,"sticky":{"cookie":{"domain":null,"httpOnly":null,"maxAge":null,"name":null,"path":null,"sameSite":null,"secure":null}},"strategy":null,"weight":null},"status":null,"statusRewrites":null},"forwardAuth":{"addAuthCookiesToResponse":null,"address":"http://traefik-forward-auth.traefik-forward-auth.svc.cluster.local:4181/auth/portals/main","authRequestHeaders":null,"authResponseHeaders":["X-Forwarded-User","X-Forwarded-Displayname","X-Authenticated-User"],"authResponseHeadersRegex":null,"forwardBody":null,"headerField":null,"maxBodySize":null,"preserveLocationHeader":null,"preserveRequestMethod":null,"tls":{"caOptional":null,"caSecret":null,"certSecret":null,"insecureSkipVerify":null},"trustForwardHeader":true},"grpcWeb":{"allowOrigins":null},"headers":{"accessControlAllowCredentials":null,"accessControlAllowHeaders":null,"accessControlAllowMethods":null,"accessControlAllowOriginList":null,"accessControlAllowOriginListRegex":null,"accessControlExposeHeaders":null,"accessControlMaxAge":null,"addVaryHeader":null,"allowedHosts":null,"browserXssFilter":null,"contentSecurityPolicy":null,"contentSecurityPolicyReportOnly":null,"contentTypeNosniff":null,"customBrowserXSSValue":null,"customFrameOptionsValue":null,"customRequestHeaders":null,"customResponseHeaders":null,"featurePolicy":null,"forceSTSHeader":null,"frameDeny":null,"hostsProxyHeaders":null,"isDevelopment":null,"permissionsPolicy":null,"publicKey":null,"referrerPolicy":null,"sslForceHost":null,"sslHost":null,"sslProxyHeaders":null,"sslRedirect":null,"sslTemporaryRedirect":null,"stsIncludeSubdomains":null,"stsPreload":null,"stsSeconds":null},"inFlightReq":{"amount":null,"sourceCriterion":{"ipStrategy":{"depth":null,"excludedIPs":null,"ipv6Subnet":null},"requestHeaderName":null,"requestHost":null}},"ipAllowList":{"ipStrategy":{"depth":null,"excludedIPs":null,"ipv6Subnet":null},"rejectStatusCode":null,"sourceRange":null},"ipWhiteList":{"ipStrategy":{"depth":null,"excludedIPs":null,"ipv6Subnet":null},"sourceRange":null},"passTLSClientCert":{"info":{"issuer":{"commonName":null,"country":null,"domainComponent":null,"locality":null,"organization":null,"province":null,"serialNumber":null},"notAfter":null,"notBefore":null,"sans":null,"serialNumber":null,"subject":{"commonName":null,"country":null,"domainComponent":null,"locality":null,"organization":null,"organizationalUnit":null,"province":null,"serialNumber":null}},"pem":null},"plugin":null,"rateLimit":{"average":null,"burst":null,"period":null,"redis":{"db":null,"dialTimeout":null,"endpoints":null,"maxActiveConns":null,"minIdleConns":null,"poolSize":null,"readTimeout":null,"secret":null,"tls":{"caSecret":null,"certSecret":null,"insecureSkipVerify":null},"writeTimeout":null},"sourceCriterion":{"ipStrategy":{"depth":null,"excludedIPs":null,"ipv6Subnet":null},"requestHeaderName":null,"requestHost":null}},"redirectRegex":{"permanent":null,"regex":null,"replacement":null},"redirectScheme":{"permanent":null,"port":null,"scheme":null},"replacePath":{"path":null},"replacePathRegex":{"regex":null,"replacement":null},"retry":{"attempts":null,"initialInterval":null},"stripPrefix":{"forceSlash":null,"prefixes":null},"stripPrefixRegex":{"regex":null}}},"type":["object",{"apiVersion":"string","kind":"string","metadata":["object",{"annotations":["map","string"],"creationTimestamp":"string","deletionGracePeriodSeconds":"number","deletionTimestamp":"string","finalizers":["list","string"],"generateName":"string","generation":"number","labels":["map","string"],"managedFields":["tuple",[["object",{"apiVersion":"string","fieldsType":"string","fieldsV1":"dynamic","manager":"string","operation":"string","subresource":"string","time":"string"}]]],"name":"string","namespace":"string","ownerReferences":["list",["object",{"apiVersion":"string","blockOwnerDeletion":"bool","controller":"bool","kind":"string","name":"string","uid":"string"}]],"resourceVersion":"string","selfLink":"string","uid":"string"}],"spec":["object",{"addPrefix":["object",{"prefix":"string"}],"basicAuth":["object",{"headerField":"string","realm":"string","removeHeader":"bool","secret":"string"}],"buffering":["object",{"maxRequestBodyBytes":"number","maxResponseBodyBytes":"number","memRequestBodyBytes":"number","memResponseBodyBytes":"number","retryExpression":"string"}],"chain":["object",{"middlewares":["list",["object",{"name":"string","namespace":"string"}]]}],"circuitBreaker":["object",{"checkPeriod":"string","expression":"string","fallbackDuration":"string","recoveryDuration":"string","responseCode":"number"}],"compress":["object",{"defaultEncoding":"string","encodings":["list","string"],"excludedContentTypes":["list","string"],"includedContentTypes":["list","string"],"minResponseBodyBytes":"number"}],"contentType":["object",{"autoDetect":"bool"}],"digestAuth":["object",{"headerField":"string","realm":"string","removeHeader":"bool","secret":"string"}],"errors":["object",{"query":"string","service":["object",{"healthCheck":["object",{"followRedirects":"bool","headers":["map","string"],"hostname":"string","interval":"string","method":"string","mode":"string","path":"string","port":"number","scheme":"string","status":"number","timeout":"string","unhealthyInterval":"string"}],"kind":"string","name":"string","namespace":"string","nativeLB":"bool","nodePortLB":"bool","passHostHeader":"bool","passiveHealthCheck":["object",{"failureWindow":"string","maxFailedAttempts":"number"}],"port":"string","responseForwarding":["object",{"flushInterval":"string"}],"scheme":"string","serversTransport":"string","sticky":["object",{"cookie":["object",{"domain":"string","httpOnly":"bool","maxAge":"number","name":"string","path":"string","sameSite":"string","secure":"bool"}]}],"strategy":"string","weight":"number"}],"status":["list","string"],"statusRewrites":["map","number"]}],"forwardAuth":["object",{"addAuthCookiesToResponse":["list","string"],"address":"string","authRequestHeaders":["list","string"],"authResponseHeaders":["list","string"],"authResponseHeadersRegex":"string","forwardBody":"bool","headerField":"string","maxBodySize":"number","preserveLocationHeader":"bool","preserveRequestMethod":"bool","tls":["object",{"caOptional":"bool","caSecret":"string","certSecret":"string","insecureSkipVerify":"bool"}],"trustForwardHeader":"bool"}],"grpcWeb":["object",{"allowOrigins":["list","string"]}],"headers":["object",{"accessControlAllowCredentials":"bool","accessControlAllowHeaders":["list","string"],"accessControlAllowMethods":["list","string"],"accessControlAllowOriginList":["list","string"],"accessControlAllowOriginListRegex":["list","string"],"accessControlExposeHeaders":["list","string"],"accessControlMaxAge":"number","addVaryHeader":"bool","allowedHosts":["list","string"],"browserXssFilter":"bool","contentSecurityPolicy":"string","contentSecurityPolicyReportOnly":"string","contentTypeNosniff":"bool","customBrowserXSSValue":"string","customFrameOptionsValue":"string","customRequestHeaders":["map","string"],"customResponseHeaders":["map","string"],"featurePolicy":"string","forceSTSHeader":"bool","frameDeny":"bool","hostsProxyHeaders":["list","string"],"isDevelopment":"bool","permissionsPolicy":"string","publicKey":"string","referrerPolicy":"string","sslForceHost":"bool","sslHost":"string","sslProxyHeaders":["map","string"],"sslRedirect":"bool","sslTemporaryRedirect":"bool","stsIncludeSubdomains":"bool","stsPreload":"bool","stsSeconds":"number"}],"inFlightReq":["object",{"amount":"number","sourceCriterion":["object",{"ipStrategy":["object",{"depth":"number","excludedIPs":["list","string"],"ipv6Subnet":"number"}],"requestHeaderName":"string","requestHost":"bool"}]}],"ipAllowList":["object",{"ipStrategy":["object",{"depth":"number","excludedIPs":["list","string"],"ipv6Subnet":"number"}],"rejectStatusCode":"number","sourceRange":["list","string"]}],"ipWhiteList":["object",{"ipStrategy":["object",{"depth":"number","excludedIPs":["list","string"],"ipv6Subnet":"number"}],"sourceRange":["list","string"]}],"passTLSClientCert":["object",{"info":["object",{"issuer":["object",{"commonName":"bool","country":"bool","domainComponent":"bool","locality":"bool","organization":"bool","province":"bool","serialNumber":"bool"}],"notAfter":"bool","notBefore":"bool","sans":"bool","serialNumber":"bool","subject":["object",{"commonName":"bool","country":"bool","domainComponent":"bool","locality":"bool","organization":"bool","organizationalUnit":"bool","province":"bool","serialNumber":"bool"}]}],"pem":"bool"}],"plugin":["map","dynamic"],"rateLimit":["object",{"average":"number","burst":"number","period":"string","redis":["object",{"db":"number","dialTimeout":"string","endpoints":["list","string"],"maxActiveConns":"number","minIdleConns":"number","poolSize":"number","readTimeout":"string","secret":"string","tls":["object",{"caSecret":"string","certSecret":"string","insecureSkipVerify":"bool"}],"writeTimeout":"string"}],"sourceCriterion":["object",{"ipStrategy":["object",{"depth":"number","excludedIPs":["list","string"],"ipv6Subnet":"number"}],"requestHeaderName":"string","requestHost":"bool"}]}],"redirectRegex":["object",{"permanent":"bool","regex":"string","replacement":"string"}],"redirectScheme":["object",{"permanent":"bool","port":"string","scheme":"string"}],"replacePath":["object",{"path":"string"}],"replacePathRegex":["object",{"regex":"string","replacement":"string"}],"retry":["object",{"attempts":"number","initialInterval":"string"}],"stripPrefix":["object",{"forceSlash":"bool","prefixes":["list","string"]}],"stripPrefixRegex":["object",{"regex":["list","string"]}]}]}]},"timeouts":[],"wait":[],"wait_for":null},"sensitive_attributes":[]}]},{"mode":"managed","type":"kubernetes_namespace_v1","name":"this","provider":"provider[\"registry.opentofu.org/hashicorp/kubernetes\"]","instances":[{"schema_version":0,"attributes":{"id":"receipt-manager","metadata":[{"annotations":null,"generate_name":"","generation":0,"labels":null,"name":"receipt-manager","resource_version":"7355803","uid":"f6f348a3-e158-410f-a219-da7bbc3e1e9e"}],"timeouts":null,"wait_for_default_service_account":false},"sensitive_attributes":[],"private":"eyJlMmJmYjczMC1lY2FhLTExZTYtOGY4OC0zNDM2M2JjN2M0YzAiOnsiZGVsZXRlIjozMDAwMDAwMDAwMDB9fQ=="}]},{"mode":"managed","type":"kubernetes_service_v1","name":"this","provider":"provider[\"registry.opentofu.org/hashicorp/kubernetes\"]","instances":[{"schema_version":1,"attributes":{"id":"receipt-manager/receipt-manager","metadata":[{"annotations":null,"generate_name":"","generation":0,"labels":{"app.kubernetes.io/name":"receipt-manager"},"name":"receipt-manager","namespace":"receipt-manager","resource_version":"7355834","uid":"40cf14bb-670f-4dba-85f9-4c679ce5c639"}],"spec":[{"allocate_load_balancer_node_ports":true,"cluster_ip":"10.43.158.66","cluster_ips":["10.43.158.66"],"external_ips":null,"external_name":"","external_traffic_policy":"","health_check_node_port":0,"internal_traffic_policy":"Cluster","ip_families":["IPv4"],"ip_family_policy":"SingleStack","load_balancer_class":"","load_balancer_ip":"","load_balancer_source_ranges":null,"port":[{"app_protocol":"","name":"http","node_port":0,"port":3000,"protocol":"TCP","target_port":"http"}],"publish_not_ready_addresses":false,"selector":{"app.kubernetes.io/name":"receipt-manager"},"session_affinity":"None","session_affinity_config":[],"type":"ClusterIP"}],"status":[{"load_balancer":[{"ingress":[]}]}],"timeouts":null,"wait_for_load_balancer":true},"sensitive_attributes":[],"private":"eyJlMmJmYjczMC1lY2FhLTExZTYtOGY4OC0zNDM2M2JjN2M0YzAiOnsiY3JlYXRlIjo2MDAwMDAwMDAwMDB9LCJzY2hlbWFfdmVyc2lvbiI6IjEifQ==","dependencies":["kubernetes_deployment_v1.this"]}]}],"check_results":null}
